{
    "name": "@caweb/template",
    "version": "1.0.0-beta.0",
    "lockfileVersion": 3,
    "requires": true,
    "packages": {
        "": {
            "name": "@caweb/template",
            "version": "1.0.0-beta.0",
            "license": "ISC",
            "dependencies": {
                "@caweb/framework": "^1.8.0-beta.0",
                "@caweb/icon-library": "^1.1.0"
            }
        },
        "node_modules/@caweb/framework": {
            "version": "1.8.0-beta.0",
            "resolved": "https://registry.npmjs.org/@caweb/framework/-/framework-1.8.0-beta.0.tgz",
            "integrity": "sha512-IzYpE95OZoIY/S2OISv98IJ6Z4lRbj2Xqg1QcVFNtfsTHGMvEHFtTQ79plAWN59eCpcpOtLbNJeNp3CKoukvjQ==",
            "license": "ISC"
        },
        "node_modules/@caweb/icon-library": {
            "version": "1.1.0",
            "resolved": "https://registry.npmjs.org/@caweb/icon-library/-/icon-library-1.1.0.tgz",
            "integrity": "sha512-FJx8PBXviJo5GQaW9ZBD646RO3qPDisOnIq3cloVE/Cev3EY+SsNeTPXXVob661z9ZWIY2d5VCDDwjhs+03y5g==",
            "license": "GPL2"
        }
    }
}
