{
    "name": "@caweb/template",
    "version": "1.0.0",
    "lockfileVersion": 3,
    "requires": true,
    "packages": {
        "": {
            "name": "@caweb/template",
            "version": "1.0.0",
            "license": "ISC",
            "dependencies": {
                "@caweb/framework": "file:../framework/caweb-framework-1.8.0.tgz",
                "@caweb/icon-library": "file:../icon-library/caweb-icon-library-1.1.0.tgz"
            }
        },
        "node_modules/@caweb/framework": {
            "version": "1.8.0",
            "resolved": "file:../framework/caweb-framework-1.8.0.tgz",
            "integrity": "sha512-ol0fuXb53WTH0Z7uA2YchH7FFSPuFL6+8cXLMK/PozYLbsmFeqysQyUiQbG287yNQrX7O1+C3tD3cFAKvx6D0g==",
            "license": "ISC"
        },
        "node_modules/@caweb/icon-library": {
            "version": "1.1.0",
            "resolved": "file:../icon-library/caweb-icon-library-1.1.0.tgz",
            "integrity": "sha512-FJx8PBXviJo5GQaW9ZBD646RO3qPDisOnIq3cloVE/Cev3EY+SsNeTPXXVob661z9ZWIY2d5VCDDwjhs+03y5g==",
            "license": "GPL2"
        }
    }
}
